
Microsoft Visual Studio Solution File, Format Version 12.00
# Visual Studio Version 16
VisualStudioVersion = 16.0.30517.126
MinimumVisualStudioVersion = 10.0.40219.1
Project("{2150E333-8FDC-42A3-9474-1A3956D46DE8}") = "ReadModel", "ReadModel", "{094BC125-554E-4D8E-B5BC-D7D3B8FE5B3A}"
EndProject
Project("{2150E333-8FDC-42A3-9474-1A3956D46DE8}") = "WriteModel", "WriteModel", "{B35AE429-4A41-4FEE-8A9E-D2291B5C48BA}"
EndProject
Project("{2150E333-8FDC-42A3-9474-1A3956D46DE8}") = "EmployeeContext", "EmployeeContext", "{127F8431-90B9-4ADC-AEAF-E7F3FA4CFBCD}"
EndProject
Project("{2150E333-8FDC-42A3-9474-1A3956D46DE8}") = "Domain", "Domain", "{7D5E1BBC-5A66-48C5-A09D-D6BFF6D980B0}"
EndProject
Project("{9A19103F-16F7-4668-BE54-9A1E7A4F7556}") = "HR.EmployeeContext.Domain", "WriteModel\EmployeeContext\Domain\HR.EmployeeContext.Domain\HR.EmployeeContext.Domain.csproj", "{857C2D4F-3C7C-4A77-A630-BE2BD2D27E1F}"
EndProject
Project("{2150E333-8FDC-42A3-9474-1A3956D46DE8}") = "Resource", "Resource", "{2E9EA87B-6DF0-4777-84AF-9B6EC86676A5}"
EndProject
Project("{9A19103F-16F7-4668-BE54-9A1E7A4F7556}") = "HR.EmployeeContext.Resources", "WriteModel\EmployeeContext\Resource\HR.EmployeeContext.Resources\HR.EmployeeContext.Resources.csproj", "{2B6BF0A7-C0DA-47A3-A7DB-0CDACFB5B74A}"
EndProject
Project("{2150E333-8FDC-42A3-9474-1A3956D46DE8}") = "Framework", "Framework", "{CAF8E496-1D63-4AA8-A4CF-609682F10336}"
EndProject
Project("{9A19103F-16F7-4668-BE54-9A1E7A4F7556}") = "Framework.Domain", "Framework\Framework.Domain\Framework.Domain.csproj", "{2D539D76-A02D-4CB6-9207-7C9D76C0D406}"
EndProject
Project("{2150E333-8FDC-42A3-9474-1A3956D46DE8}") = "ApplicationService", "ApplicationService", "{16F91EF4-07C4-468C-AF29-FD321C50466D}"
EndProject
Project("{9A19103F-16F7-4668-BE54-9A1E7A4F7556}") = "HR.EmployeeContext.ApplicationService", "WriteModel\EmployeeContext\ApplicationService\HR.EmployeeContext.ApplicationService\HR.EmployeeContext.ApplicationService.csproj", "{F4293D29-9BEA-4C06-9A16-542017A488E2}"
EndProject
Project("{9A19103F-16F7-4668-BE54-9A1E7A4F7556}") = "HR.EmployeeContext.ApplicationService.Contract", "WriteModel\EmployeeContext\ApplicationService\HR.EmployeeContext.ApplicationService.Contract\HR.EmployeeContext.ApplicationService.Contract.csproj", "{D380FCED-643B-4823-9A1E-09BE17FDBFB6}"
EndProject
Project("{9A19103F-16F7-4668-BE54-9A1E7A4F7556}") = "Framework.Core", "Framework\Framework.Core\Framework.Core.csproj", "{3DE57108-4198-4C8F-9C28-A852866A1BB3}"
EndProject
Project("{9A19103F-16F7-4668-BE54-9A1E7A4F7556}") = "Framework.Persistence", "Framework\Framework.Persistence\Framework.Persistence.csproj", "{AAAAF4E6-FEEA-47E3-8430-640AD835E739}"
EndProject
Project("{2150E333-8FDC-42A3-9474-1A3956D46DE8}") = "Infrastructure", "Infrastructure", "{F4B43CAE-24F8-4990-88D2-C369989249D9}"
EndProject
Project("{9A19103F-16F7-4668-BE54-9A1E7A4F7556}") = "HR.EmployeeContext.Infrastructure.Persistence", "WriteModel\EmployeeContext\Infrastructure\HR.EmployeeContext.Infrastructure.Persistence\HR.EmployeeContext.Infrastructure.Persistence.csproj", "{F51F2287-D2D6-4EE2-AA34-6E686B3E7D86}"
EndProject
Project("{9A19103F-16F7-4668-BE54-9A1E7A4F7556}") = "Framework.AssemblyHelper", "Framework\Framework.AssemblyHelper\Framework.AssemblyHelper\Framework.AssemblyHelper.csproj", "{69606098-42B3-48C1-BA87-C67E0BB8C609}"
EndProject
Project("{9A19103F-16F7-4668-BE54-9A1E7A4F7556}") = "HR.Persistence", "WriteModel\HR.Persistence\HR.Persistence.csproj", "{AE63670D-2776-433D-89AE-CDF632522962}"
EndProject
Project("{2150E333-8FDC-42A3-9474-1A3956D46DE8}") = "Facade", "Facade", "{616D4EF3-E539-4629-8DC4-762DD442FB43}"
EndProject
Project("{FAE04EC0-301F-11D3-BF4B-00C04F79EFBC}") = "HR.EmployeeContext.Facade", "WriteModel\EmployeeContext\Facade\HR.EmployeeContext.Facade\HR.EmployeeContext.Facade.csproj", "{2069DBDF-370F-4FEA-95B1-DE4EDFF7592E}"
EndProject
Project("{FAE04EC0-301F-11D3-BF4B-00C04F79EFBC}") = "HR.EmployeeContext.Facade.Contract", "WriteModel\EmployeeContext\Facade\HR.EmployeeContext.Facade.Contract\HR.EmployeeContext.Facade.Contract.csproj", "{186948B8-78A0-4F77-975B-CD0D0A44DE44}"
EndProject
Project("{FAE04EC0-301F-11D3-BF4B-00C04F79EFBC}") = "Framework.Facade", "Framework\Framework.Facade\Framework.Facade.csproj", "{EADED26A-64FF-436A-926F-090FE49BC968}"
EndProject
Project("{FAE04EC0-301F-11D3-BF4B-00C04F79EFBC}") = "Framework.ApplicationService", "Framework\Framework.ApplicationService\Framework.ApplicationService.csproj", "{40B47627-36BB-4031-83AA-8536FD759057}"
EndProject
Project("{FAE04EC0-301F-11D3-BF4B-00C04F79EFBC}") = "Framework.DependencyInjection", "Framework\Framework.DependencyInjection\Framework.DependencyInjection.csproj", "{093D46BC-53ED-44C2-BD2F-926BA223335F}"
EndProject
Project("{2150E333-8FDC-42A3-9474-1A3956D46DE8}") = "API", "API", "{515F1753-E65B-43C8-9D07-E5DC1D79FF9F}"
EndProject
Project("{FAE04EC0-301F-11D3-BF4B-00C04F79EFBC}") = "API", "API\API\API.csproj", "{D666CD79-2B2A-4841-ADF1-16011F1B04EA}"
EndProject
Project("{FAE04EC0-301F-11D3-BF4B-00C04F79EFBC}") = "HR.EmployeeContext.Configuration", "WriteModel\EmployeeContext\HR.EmployeeContext.Configuration\HR.EmployeeContext.Configuration.csproj", "{3DA314FC-403A-4724-AF28-E6C531F8AC18}"
EndProject
Global
	GlobalSection(SolutionConfigurationPlatforms) = preSolution
		Debug|Any CPU = Debug|Any CPU
		Release|Any CPU = Release|Any CPU
	EndGlobalSection
	GlobalSection(ProjectConfigurationPlatforms) = postSolution
		{857C2D4F-3C7C-4A77-A630-BE2BD2D27E1F}.Debug|Any CPU.ActiveCfg = Debug|Any CPU
		{857C2D4F-3C7C-4A77-A630-BE2BD2D27E1F}.Debug|Any CPU.Build.0 = Debug|Any CPU
		{857C2D4F-3C7C-4A77-A630-BE2BD2D27E1F}.Release|Any CPU.ActiveCfg = Release|Any CPU
		{857C2D4F-3C7C-4A77-A630-BE2BD2D27E1F}.Release|Any CPU.Build.0 = Release|Any CPU
		{2B6BF0A7-C0DA-47A3-A7DB-0CDACFB5B74A}.Debug|Any CPU.ActiveCfg = Debug|Any CPU
		{2B6BF0A7-C0DA-47A3-A7DB-0CDACFB5B74A}.Debug|Any CPU.Build.0 = Debug|Any CPU
		{2B6BF0A7-C0DA-47A3-A7DB-0CDACFB5B74A}.Release|Any CPU.ActiveCfg = Release|Any CPU
		{2B6BF0A7-C0DA-47A3-A7DB-0CDACFB5B74A}.Release|Any CPU.Build.0 = Release|Any CPU
		{2D539D76-A02D-4CB6-9207-7C9D76C0D406}.Debug|Any CPU.ActiveCfg = Debug|Any CPU
		{2D539D76-A02D-4CB6-9207-7C9D76C0D406}.Debug|Any CPU.Build.0 = Debug|Any CPU
		{2D539D76-A02D-4CB6-9207-7C9D76C0D406}.Release|Any CPU.ActiveCfg = Release|Any CPU
		{2D539D76-A02D-4CB6-9207-7C9D76C0D406}.Release|Any CPU.Build.0 = Release|Any CPU
		{F4293D29-9BEA-4C06-9A16-542017A488E2}.Debug|Any CPU.ActiveCfg = Debug|Any CPU
		{F4293D29-9BEA-4C06-9A16-542017A488E2}.Debug|Any CPU.Build.0 = Debug|Any CPU
		{F4293D29-9BEA-4C06-9A16-542017A488E2}.Release|Any CPU.ActiveCfg = Release|Any CPU
		{F4293D29-9BEA-4C06-9A16-542017A488E2}.Release|Any CPU.Build.0 = Release|Any CPU
		{D380FCED-643B-4823-9A1E-09BE17FDBFB6}.Debug|Any CPU.ActiveCfg = Debug|Any CPU
		{D380FCED-643B-4823-9A1E-09BE17FDBFB6}.Debug|Any CPU.Build.0 = Debug|Any CPU
		{D380FCED-643B-4823-9A1E-09BE17FDBFB6}.Release|Any CPU.ActiveCfg = Release|Any CPU
		{D380FCED-643B-4823-9A1E-09BE17FDBFB6}.Release|Any CPU.Build.0 = Release|Any CPU
		{3DE57108-4198-4C8F-9C28-A852866A1BB3}.Debug|Any CPU.ActiveCfg = Debug|Any CPU
		{3DE57108-4198-4C8F-9C28-A852866A1BB3}.Debug|Any CPU.Build.0 = Debug|Any CPU
		{3DE57108-4198-4C8F-9C28-A852866A1BB3}.Release|Any CPU.ActiveCfg = Release|Any CPU
		{3DE57108-4198-4C8F-9C28-A852866A1BB3}.Release|Any CPU.Build.0 = Release|Any CPU
		{AAAAF4E6-FEEA-47E3-8430-640AD835E739}.Debug|Any CPU.ActiveCfg = Debug|Any CPU
		{AAAAF4E6-FEEA-47E3-8430-640AD835E739}.Debug|Any CPU.Build.0 = Debug|Any CPU
		{AAAAF4E6-FEEA-47E3-8430-640AD835E739}.Release|Any CPU.ActiveCfg = Release|Any CPU
		{AAAAF4E6-FEEA-47E3-8430-640AD835E739}.Release|Any CPU.Build.0 = Release|Any CPU
		{F51F2287-D2D6-4EE2-AA34-6E686B3E7D86}.Debug|Any CPU.ActiveCfg = Debug|Any CPU
		{F51F2287-D2D6-4EE2-AA34-6E686B3E7D86}.Debug|Any CPU.Build.0 = Debug|Any CPU
		{F51F2287-D2D6-4EE2-AA34-6E686B3E7D86}.Release|Any CPU.ActiveCfg = Release|Any CPU
		{F51F2287-D2D6-4EE2-AA34-6E686B3E7D86}.Release|Any CPU.Build.0 = Release|Any CPU
		{69606098-42B3-48C1-BA87-C67E0BB8C609}.Debug|Any CPU.ActiveCfg = Debug|Any CPU
		{69606098-42B3-48C1-BA87-C67E0BB8C609}.Debug|Any CPU.Build.0 = Debug|Any CPU
		{69606098-42B3-48C1-BA87-C67E0BB8C609}.Release|Any CPU.ActiveCfg = Release|Any CPU
		{69606098-42B3-48C1-BA87-C67E0BB8C609}.Release|Any CPU.Build.0 = Release|Any CPU
		{AE63670D-2776-433D-89AE-CDF632522962}.Debug|Any CPU.ActiveCfg = Debug|Any CPU
		{AE63670D-2776-433D-89AE-CDF632522962}.Debug|Any CPU.Build.0 = Debug|Any CPU
		{AE63670D-2776-433D-89AE-CDF632522962}.Release|Any CPU.ActiveCfg = Release|Any CPU
		{AE63670D-2776-433D-89AE-CDF632522962}.Release|Any CPU.Build.0 = Release|Any CPU
		{2069DBDF-370F-4FEA-95B1-DE4EDFF7592E}.Debug|Any CPU.ActiveCfg = Debug|Any CPU
		{2069DBDF-370F-4FEA-95B1-DE4EDFF7592E}.Debug|Any CPU.Build.0 = Debug|Any CPU
		{2069DBDF-370F-4FEA-95B1-DE4EDFF7592E}.Release|Any CPU.ActiveCfg = Release|Any CPU
		{2069DBDF-370F-4FEA-95B1-DE4EDFF7592E}.Release|Any CPU.Build.0 = Release|Any CPU
		{186948B8-78A0-4F77-975B-CD0D0A44DE44}.Debug|Any CPU.ActiveCfg = Debug|Any CPU
		{186948B8-78A0-4F77-975B-CD0D0A44DE44}.Debug|Any CPU.Build.0 = Debug|Any CPU
		{186948B8-78A0-4F77-975B-CD0D0A44DE44}.Release|Any CPU.ActiveCfg = Release|Any CPU
		{186948B8-78A0-4F77-975B-CD0D0A44DE44}.Release|Any CPU.Build.0 = Release|Any CPU
		{EADED26A-64FF-436A-926F-090FE49BC968}.Debug|Any CPU.ActiveCfg = Debug|Any CPU
		{EADED26A-64FF-436A-926F-090FE49BC968}.Debug|Any CPU.Build.0 = Debug|Any CPU
		{EADED26A-64FF-436A-926F-090FE49BC968}.Release|Any CPU.ActiveCfg = Release|Any CPU
		{EADED26A-64FF-436A-926F-090FE49BC968}.Release|Any CPU.Build.0 = Release|Any CPU
		{40B47627-36BB-4031-83AA-8536FD759057}.Debug|Any CPU.ActiveCfg = Debug|Any CPU
		{40B47627-36BB-4031-83AA-8536FD759057}.Debug|Any CPU.Build.0 = Debug|Any CPU
		{40B47627-36BB-4031-83AA-8536FD759057}.Release|Any CPU.ActiveCfg = Release|Any CPU
		{40B47627-36BB-4031-83AA-8536FD759057}.Release|Any CPU.Build.0 = Release|Any CPU
		{093D46BC-53ED-44C2-BD2F-926BA223335F}.Debug|Any CPU.ActiveCfg = Debug|Any CPU
		{093D46BC-53ED-44C2-BD2F-926BA223335F}.Debug|Any CPU.Build.0 = Debug|Any CPU
		{093D46BC-53ED-44C2-BD2F-926BA223335F}.Release|Any CPU.ActiveCfg = Release|Any CPU
		{093D46BC-53ED-44C2-BD2F-926BA223335F}.Release|Any CPU.Build.0 = Release|Any CPU
		{D666CD79-2B2A-4841-ADF1-16011F1B04EA}.Debug|Any CPU.ActiveCfg = Debug|Any CPU
		{D666CD79-2B2A-4841-ADF1-16011F1B04EA}.Debug|Any CPU.Build.0 = Debug|Any CPU
		{D666CD79-2B2A-4841-ADF1-16011F1B04EA}.Release|Any CPU.ActiveCfg = Release|Any CPU
		{D666CD79-2B2A-4841-ADF1-16011F1B04EA}.Release|Any CPU.Build.0 = Release|Any CPU
		{3DA314FC-403A-4724-AF28-E6C531F8AC18}.Debug|Any CPU.ActiveCfg = Debug|Any CPU
		{3DA314FC-403A-4724-AF28-E6C531F8AC18}.Debug|Any CPU.Build.0 = Debug|Any CPU
		{3DA314FC-403A-4724-AF28-E6C531F8AC18}.Release|Any CPU.ActiveCfg = Release|Any CPU
		{3DA314FC-403A-4724-AF28-E6C531F8AC18}.Release|Any CPU.Build.0 = Release|Any CPU
	EndGlobalSection
	GlobalSection(SolutionProperties) = preSolution
		HideSolutionNode = FALSE
	EndGlobalSection
	GlobalSection(NestedProjects) = preSolution
		{127F8431-90B9-4ADC-AEAF-E7F3FA4CFBCD} = {B35AE429-4A41-4FEE-8A9E-D2291B5C48BA}
		{7D5E1BBC-5A66-48C5-A09D-D6BFF6D980B0} = {127F8431-90B9-4ADC-AEAF-E7F3FA4CFBCD}
		{857C2D4F-3C7C-4A77-A630-BE2BD2D27E1F} = {7D5E1BBC-5A66-48C5-A09D-D6BFF6D980B0}
		{2E9EA87B-6DF0-4777-84AF-9B6EC86676A5} = {127F8431-90B9-4ADC-AEAF-E7F3FA4CFBCD}
		{2B6BF0A7-C0DA-47A3-A7DB-0CDACFB5B74A} = {2E9EA87B-6DF0-4777-84AF-9B6EC86676A5}
		{2D539D76-A02D-4CB6-9207-7C9D76C0D406} = {CAF8E496-1D63-4AA8-A4CF-609682F10336}
		{16F91EF4-07C4-468C-AF29-FD321C50466D} = {127F8431-90B9-4ADC-AEAF-E7F3FA4CFBCD}
		{F4293D29-9BEA-4C06-9A16-542017A488E2} = {16F91EF4-07C4-468C-AF29-FD321C50466D}
		{D380FCED-643B-4823-9A1E-09BE17FDBFB6} = {16F91EF4-07C4-468C-AF29-FD321C50466D}
		{3DE57108-4198-4C8F-9C28-A852866A1BB3} = {CAF8E496-1D63-4AA8-A4CF-609682F10336}
		{AAAAF4E6-FEEA-47E3-8430-640AD835E739} = {CAF8E496-1D63-4AA8-A4CF-609682F10336}
		{F4B43CAE-24F8-4990-88D2-C369989249D9} = {127F8431-90B9-4ADC-AEAF-E7F3FA4CFBCD}
		{F51F2287-D2D6-4EE2-AA34-6E686B3E7D86} = {F4B43CAE-24F8-4990-88D2-C369989249D9}
		{69606098-42B3-48C1-BA87-C67E0BB8C609} = {CAF8E496-1D63-4AA8-A4CF-609682F10336}
		{AE63670D-2776-433D-89AE-CDF632522962} = {B35AE429-4A41-4FEE-8A9E-D2291B5C48BA}
		{616D4EF3-E539-4629-8DC4-762DD442FB43} = {127F8431-90B9-4ADC-AEAF-E7F3FA4CFBCD}
		{2069DBDF-370F-4FEA-95B1-DE4EDFF7592E} = {616D4EF3-E539-4629-8DC4-762DD442FB43}
		{186948B8-78A0-4F77-975B-CD0D0A44DE44} = {616D4EF3-E539-4629-8DC4-762DD442FB43}
		{EADED26A-64FF-436A-926F-090FE49BC968} = {CAF8E496-1D63-4AA8-A4CF-609682F10336}
		{40B47627-36BB-4031-83AA-8536FD759057} = {CAF8E496-1D63-4AA8-A4CF-609682F10336}
		{093D46BC-53ED-44C2-BD2F-926BA223335F} = {CAF8E496-1D63-4AA8-A4CF-609682F10336}
		{D666CD79-2B2A-4841-ADF1-16011F1B04EA} = {515F1753-E65B-43C8-9D07-E5DC1D79FF9F}
		{3DA314FC-403A-4724-AF28-E6C531F8AC18} = {127F8431-90B9-4ADC-AEAF-E7F3FA4CFBCD}
	EndGlobalSection
	GlobalSection(ExtensibilityGlobals) = postSolution
		SolutionGuid = {4E4E3BA8-F40E-4D03-B909-466E41A617E0}
	EndGlobalSection
EndGlobal
